
Microsoft Visual Studio Solution File, Format Version 12.00
# Visual Studio Version 17
VisualStudioVersion = 17.4.33205.214
MinimumVisualStudioVersion = 10.0.40219.1
Project("{FAE04EC0-301F-11D3-BF4B-00C04F79EFBC}") = "Project.WPF", "Project.WPF\Project.WPF.csproj", "{7ED67B47-8064-4B30-8234-22687BE6FB8B}"
EndProject
Global
	GlobalSection(SolutionConfigurationPlatforms) = preSolution
		Debug|Any CPU = Debug|Any CPU
		Release|Any CPU = Release|Any CPU
	EndGlobalSection
	GlobalSection(ProjectConfigurationPlatforms) = postSolution
		{7ED67B47-8064-4B30-8234-22687BE6FB8B}.Debug|Any CPU.ActiveCfg = Debug|Any CPU
		{7ED67B47-8064-4B30-8234-22687BE6FB8B}.Debug|Any CPU.Build.0 = Debug|Any CPU
		{7ED67B47-8064-4B30-8234-22687BE6FB8B}.Release|Any CPU.ActiveCfg = Release|Any CPU
		{7ED67B47-8064-4B30-8234-22687BE6FB8B}.Release|Any CPU.Build.0 = Release|Any CPU
	EndGlobalSection
	GlobalSection(SolutionProperties) = preSolution
		HideSolutionNode = FALSE
	EndGlobalSection
	GlobalSection(ExtensibilityGlobals) = postSolution
		SolutionGuid = {B7F93B13-76C4-498B-8C30-48A7356FE37D}
	EndGlobalSection
EndGlobal
